// !$*UTF8*$!
{
	archiveVersion = 1;
	classes = {
	};
	objectVersion = 56;
	objects = {

/* Begin PBXBuildFile section */
		E1046A492A9DCAD30044A671 /* MemoireApp.swift in Sources */ = {isa = PBXBuildFile; fileRef = E1046A482A9DCAD30044A671 /* MemoireApp.swift */; };
		E1046A4B2A9DCAD30044A671 /* ReminderList.swift in Sources */ = {isa = PBXBuildFile; fileRef = E1046A4A2A9DCAD30044A671 /* ReminderList.swift */; };
		E1046A4D2A9DCAD40044A671 /* Assets.xcassets in Resources */ = {isa = PBXBuildFile; fileRef = E1046A4C2A9DCAD40044A671 /* Assets.xcassets */; };
		E1046A512A9DCAD40044A671 /* Preview Assets.xcassets in Resources */ = {isa = PBXBuildFile; fileRef = E1046A502A9DCAD40044A671 /* Preview Assets.xcassets */; };
		E1046A5B2A9DCAD40044A671 /* MemoireTests.swift in Sources */ = {isa = PBXBuildFile; fileRef = E1046A5A2A9DCAD40044A671 /* MemoireTests.swift */; };
		E1046A652A9DCAD40044A671 /* MemoireUITests.swift in Sources */ = {isa = PBXBuildFile; fileRef = E1046A642A9DCAD40044A671 /* MemoireUITests.swift */; };
		E1046A672A9DCAD40044A671 /* MemoireUITestsLaunchTests.swift in Sources */ = {isa = PBXBuildFile; fileRef = E1046A662A9DCAD40044A671 /* MemoireUITestsLaunchTests.swift */; };
		E192BBC82A9DE4CD009FD04D /* Buttons.swift in Sources */ = {isa = PBXBuildFile; fileRef = E192BBC72A9DE4CD009FD04D /* Buttons.swift */; };
		E192BBCA2A9DF53C009FD04D /* ReminderDetail.swift in Sources */ = {isa = PBXBuildFile; fileRef = E192BBC92A9DF53C009FD04D /* ReminderDetail.swift */; };
		E192BBCC2A9DF635009FD04D /* Reminder.swift in Sources */ = {isa = PBXBuildFile; fileRef = E192BBCB2A9DF635009FD04D /* Reminder.swift */; };
/* End PBXBuildFile section */

/* Begin PBXContainerItemProxy section */
		E1046A572A9DCAD40044A671 /* PBXContainerItemProxy */ = {
			isa = PBXContainerItemProxy;
			containerPortal = E1046A3D2A9DCAD30044A671 /* Project object */;
			proxyType = 1;
			remoteGlobalIDString = E1046A442A9DCAD30044A671;
			remoteInfo = Memoir;
		};
		E1046A612A9DCAD40044A671 /* PBXContainerItemProxy */ = {
			isa = PBXContainerItemProxy;
			containerPortal = E1046A3D2A9DCAD30044A671 /* Project object */;
			proxyType = 1;
			remoteGlobalIDString = E1046A442A9DCAD30044A671;
			remoteInfo = Memoir;
		};
/* End PBXContainerItemProxy section */

/* Begin PBXFileReference section */
		E1046A452A9DCAD30044A671 /* Memoire.app */ = {isa = PBXFileReference; explicitFileType = wrapper.application; includeInIndex = 0; path = Memoire.app; sourceTree = BUILT_PRODUCTS_DIR; };
		E1046A482A9DCAD30044A671 /* MemoireApp.swift */ = {isa = PBXFileReference; lastKnownFileType = sourcecode.swift; path = MemoireApp.swift; sourceTree = "<group>"; };
		E1046A4A2A9DCAD30044A671 /* ReminderList.swift */ = {isa = PBXFileReference; lastKnownFileType = sourcecode.swift; path = ReminderList.swift; sourceTree = "<group>"; };
		E1046A4C2A9DCAD40044A671 /* Assets.xcassets */ = {isa = PBXFileReference; lastKnownFileType = folder.assetcatalog; path = Assets.xcassets; sourceTree = "<group>"; };
		E1046A4E2A9DCAD40044A671 /* Memoire.entitlements */ = {isa = PBXFileReference; lastKnownFileType = text.plist.entitlements; path = Memoire.entitlements; sourceTree = "<group>"; };
		E1046A502A9DCAD40044A671 /* Preview Assets.xcassets */ = {isa = PBXFileReference; lastKnownFileType = folder.assetcatalog; path = "Preview Assets.xcassets"; sourceTree = "<group>"; };
		E1046A562A9DCAD40044A671 /* MemoireTests.xctest */ = {isa = PBXFileReference; explicitFileType = wrapper.cfbundle; includeInIndex = 0; path = MemoireTests.xctest; sourceTree = BUILT_PRODUCTS_DIR; };
		E1046A5A2A9DCAD40044A671 /* MemoireTests.swift */ = {isa = PBXFileReference; lastKnownFileType = sourcecode.swift; path = MemoireTests.swift; sourceTree = "<group>"; };
		E1046A602A9DCAD40044A671 /* MemoireUITests.xctest */ = {isa = PBXFileReference; explicitFileType = wrapper.cfbundle; includeInIndex = 0; path = MemoireUITests.xctest; sourceTree = BUILT_PRODUCTS_DIR; };
		E1046A642A9DCAD40044A671 /* MemoireUITests.swift */ = {isa = PBXFileReference; lastKnownFileType = sourcecode.swift; path = MemoireUITests.swift; sourceTree = "<group>"; };
		E1046A662A9DCAD40044A671 /* MemoireUITestsLaunchTests.swift */ = {isa = PBXFileReference; lastKnownFileType = sourcecode.swift; path = MemoireUITestsLaunchTests.swift; sourceTree = "<group>"; };
		E192BBC72A9DE4CD009FD04D /* Buttons.swift */ = {isa = PBXFileReference; lastKnownFileType = sourcecode.swift; path = Buttons.swift; sourceTree = "<group>"; };
		E192BBC92A9DF53C009FD04D /* ReminderDetail.swift */ = {isa = PBXFileReference; lastKnownFileType = sourcecode.swift; path = ReminderDetail.swift; sourceTree = "<group>"; };
		E192BBCB2A9DF635009FD04D /* Reminder.swift */ = {isa = PBXFileReference; lastKnownFileType = sourcecode.swift; path = Reminder.swift; sourceTree = "<group>"; };
		E19BF6602A9DCC5D0011411C /* README.md */ = {isa = PBXFileReference; lastKnownFileType = net.daringfireball.markdown; path = README.md; sourceTree = "<group>"; };
/* End PBXFileReference section */

/* Begin PBXFrameworksBuildPhase section */
		E1046A422A9DCAD30044A671 /* Frameworks */ = {
			isa = PBXFrameworksBuildPhase;
			buildActionMask = 2147483647;
			files = (
			);
			runOnlyForDeploymentPostprocessing = 0;
		};
		E1046A532A9DCAD40044A671 /* Frameworks */ = {
			isa = PBXFrameworksBuildPhase;
			buildActionMask = 2147483647;
			files = (
			);
			runOnlyForDeploymentPostprocessing = 0;
		};
		E1046A5D2A9DCAD40044A671 /* Frameworks */ = {
			isa = PBXFrameworksBuildPhase;
			buildActionMask = 2147483647;
			files = (
			);
			runOnlyForDeploymentPostprocessing = 0;
		};
/* End PBXFrameworksBuildPhase section */

/* Begin PBXGroup section */
		E1046A3C2A9DCAD30044A671 = {
			isa = PBXGroup;
			children = (
				E19BF6602A9DCC5D0011411C /* README.md */,
				E1046A472A9DCAD30044A671 /* Memoire */,
				E1046A592A9DCAD40044A671 /* MemoireTests */,
				E1046A632A9DCAD40044A671 /* MemoireUITests */,
				E1046A462A9DCAD30044A671 /* Products */,
			);
			sourceTree = "<group>";
		};
		E1046A462A9DCAD30044A671 /* Products */ = {
			isa = PBXGroup;
			children = (
				E1046A452A9DCAD30044A671 /* Memoire.app */,
				E1046A562A9DCAD40044A671 /* MemoireTests.xctest */,
				E1046A602A9DCAD40044A671 /* MemoireUITests.xctest */,
			);
			name = Products;
			sourceTree = "<group>";
		};
		E1046A472A9DCAD30044A671 /* Memoire */ = {
			isa = PBXGroup;
			children = (
				E1046A482A9DCAD30044A671 /* MemoireApp.swift */,
				E1046A4A2A9DCAD30044A671 /* ReminderList.swift */,
				E1046A4C2A9DCAD40044A671 /* Assets.xcassets */,
				E1046A4E2A9DCAD40044A671 /* Memoire.entitlements */,
				E1046A4F2A9DCAD40044A671 /* Preview Content */,
				E192BBC72A9DE4CD009FD04D /* Buttons.swift */,
				E192BBC92A9DF53C009FD04D /* ReminderDetail.swift */,
				E192BBCB2A9DF635009FD04D /* Reminder.swift */,
			);
			path = Memoire;
			sourceTree = "<group>";
		};
		E1046A4F2A9DCAD40044A671 /* Preview Content */ = {
			isa = PBXGroup;
			children = (
				E1046A502A9DCAD40044A671 /* Preview Assets.xcassets */,
			);
			path = "Preview Content";
			sourceTree = "<group>";
		};
		E1046A592A9DCAD40044A671 /* MemoireTests */ = {
			isa = PBXGroup;
			children = (
				E1046A5A2A9DCAD40044A671 /* MemoireTests.swift */,
			);
			path = MemoireTests;
			sourceTree = "<group>";
		};
		E1046A632A9DCAD40044A671 /* MemoireUITests */ = {
			isa = PBXGroup;
			children = (
				E1046A642A9DCAD40044A671 /* MemoireUITests.swift */,
				E1046A662A9DCAD40044A671 /* MemoireUITestsLaunchTests.swift */,
			);
			path = MemoireUITests;
			sourceTree = "<group>";
		};
/* End PBXGroup section */

/* Begin PBXNativeTarget section */
		E1046A442A9DCAD30044A671 /* Memoire */ = {
			isa = PBXNativeTarget;
			buildConfigurationList = E1046A6A2A9DCAD40044A671 /* Build configuration list for PBXNativeTarget "Memoire" */;
			buildPhases = (
				E1046A412A9DCAD30044A671 /* Sources */,
				E1046A422A9DCAD30044A671 /* Frameworks */,
				E1046A432A9DCAD30044A671 /* Resources */,
			);
			buildRules = (
			);
			dependencies = (
			);
			name = Memoire;
			productName = Memoir;
			productReference = E1046A452A9DCAD30044A671 /* Memoire.app */;
			productType = "com.apple.product-type.application";
		};
		E1046A552A9DCAD40044A671 /* MemoireTests */ = {
			isa = PBXNativeTarget;
			buildConfigurationList = E1046A6D2A9DCAD40044A671 /* Build configuration list for PBXNativeTarget "MemoireTests" */;
			buildPhases = (
				E1046A522A9DCAD40044A671 /* Sources */,
				E1046A532A9DCAD40044A671 /* Frameworks */,
				E1046A542A9DCAD40044A671 /* Resources */,
			);
			buildRules = (
			);
			dependencies = (
				E1046A582A9DCAD40044A671 /* PBXTargetDependency */,
			);
			name = MemoireTests;
			productName = MemoirTests;
			productReference = E1046A562A9DCAD40044A671 /* MemoireTests.xctest */;
			productType = "com.apple.product-type.bundle.unit-test";
		};
		E1046A5F2A9DCAD40044A671 /* MemoireUITests */ = {
			isa = PBXNativeTarget;
			buildConfigurationList = E1046A702A9DCAD40044A671 /* Build configuration list for PBXNativeTarget "MemoireUITests" */;
			buildPhases = (
				E1046A5C2A9DCAD40044A671 /* Sources */,
				E1046A5D2A9DCAD40044A671 /* Frameworks */,
				E1046A5E2A9DCAD40044A671 /* Resources */,
			);
			buildRules = (
			);
			dependencies = (
				E1046A622A9DCAD40044A671 /* PBXTargetDependency */,
			);
			name = MemoireUITests;
			productName = MemoirUITests;
			productReference = E1046A602A9DCAD40044A671 /* MemoireUITests.xctest */;
			productType = "com.apple.product-type.bundle.ui-testing";
		};
/* End PBXNativeTarget section */

/* Begin PBXProject section */
		E1046A3D2A9DCAD30044A671 /* Project object */ = {
			isa = PBXProject;
			attributes = {
				BuildIndependentTargetsInParallel = 1;
				LastSwiftUpdateCheck = 1430;
				LastUpgradeCheck = 1430;
				TargetAttributes = {
					E1046A442A9DCAD30044A671 = {
						CreatedOnToolsVersion = 14.3.1;
					};
					E1046A552A9DCAD40044A671 = {
						CreatedOnToolsVersion = 14.3.1;
						TestTargetID = E1046A442A9DCAD30044A671;
					};
					E1046A5F2A9DCAD40044A671 = {
						CreatedOnToolsVersion = 14.3.1;
						TestTargetID = E1046A442A9DCAD30044A671;
					};
				};
			};
			buildConfigurationList = E1046A402A9DCAD30044A671 /* Build configuration list for PBXProject "Memoire" */;
			compatibilityVersion = "Xcode 14.0";
			developmentRegion = en;
			hasScannedForEncodings = 0;
			knownRegions = (
				en,
				Base,
			);
			mainGroup = E1046A3C2A9DCAD30044A671;
			productRefGroup = E1046A462A9DCAD30044A671 /* Products */;
			projectDirPath = "";
			projectRoot = "";
			targets = (
				E1046A442A9DCAD30044A671 /* Memoire */,
				E1046A552A9DCAD40044A671 /* MemoireTests */,
				E1046A5F2A9DCAD40044A671 /* MemoireUITests */,
			);
		};
/* End PBXProject section */

/* Begin PBXResourcesBuildPhase section */
		E1046A432A9DCAD30044A671 /* Resources */ = {
			isa = PBXResourcesBuildPhase;
			buildActionMask = 2147483647;
			files = (
				E1046A512A9DCAD40044A671 /* Preview Assets.xcassets in Resources */,
				E1046A4D2A9DCAD40044A671 /* Assets.xcassets in Resources */,
			);
			runOnlyForDeploymentPostprocessing = 0;
		};
		E1046A542A9DCAD40044A671 /* Resources */ = {
			isa = PBXResourcesBuildPhase;
			buildActionMask = 2147483647;
			files = (
			);
			runOnlyForDeploymentPostprocessing = 0;
		};
		E1046A5E2A9DCAD40044A671 /* Resources */ = {
			isa = PBXResourcesBuildPhase;
			buildActionMask = 2147483647;
			files = (
			);
			runOnlyForDeploymentPostprocessing = 0;
		};
/* End PBXResourcesBuildPhase section */

/* Begin PBXSourcesBuildPhase section */
		E1046A412A9DCAD30044A671 /* Sources */ = {
			isa = PBXSourcesBuildPhase;
			buildActionMask = 2147483647;
			files = (
				E192BBCA2A9DF53C009FD04D /* ReminderDetail.swift in Sources */,
				E192BBC82A9DE4CD009FD04D /* Buttons.swift in Sources */,
				E1046A4B2A9DCAD30044A671 /* ReminderList.swift in Sources */,
				E1046A492A9DCAD30044A671 /* MemoireApp.swift in Sources */,
				E192BBCC2A9DF635009FD04D /* Reminder.swift in Sources */,
			);
			runOnlyForDeploymentPostprocessing = 0;
		};
		E1046A522A9DCAD40044A671 /* Sources */ = {
			isa = PBXSourcesBuildPhase;
			buildActionMask = 2147483647;
			files = (
				E1046A5B2A9DCAD40044A671 /* MemoireTests.swift in Sources */,
			);
			runOnlyForDeploymentPostprocessing = 0;
		};
		E1046A5C2A9DCAD40044A671 /* Sources */ = {
			isa = PBXSourcesBuildPhase;
			buildActionMask = 2147483647;
			files = (
				E1046A652A9DCAD40044A671 /* MemoireUITests.swift in Sources */,
				E1046A672A9DCAD40044A671 /* MemoireUITestsLaunchTests.swift in Sources */,
			);
			runOnlyForDeploymentPostprocessing = 0;
		};
/* End PBXSourcesBuildPhase section */

/* Begin PBXTargetDependency section */
		E1046A582A9DCAD40044A671 /* PBXTargetDependency */ = {
			isa = PBXTargetDependency;
			target = E1046A442A9DCAD30044A671 /* Memoire */;
			targetProxy = E1046A572A9DCAD40044A671 /* PBXContainerItemProxy */;
		};
		E1046A622A9DCAD40044A671 /* PBXTargetDependency */ = {
			isa = PBXTargetDependency;
			target = E1046A442A9DCAD30044A671 /* Memoire */;
			targetProxy = E1046A612A9DCAD40044A671 /* PBXContainerItemProxy */;
		};
/* End PBXTargetDependency section */

/* Begin XCBuildConfiguration section */
		E1046A682A9DCAD40044A671 /* Debug */ = {
			isa = XCBuildConfiguration;
			buildSettings = {
				ALWAYS_SEARCH_USER_PATHS = NO;
				CLANG_ANALYZER_NONNULL = YES;
				CLANG_ANALYZER_NUMBER_OBJECT_CONVERSION = YES_AGGRESSIVE;
				CLANG_CXX_LANGUAGE_STANDARD = "gnu++20";
				CLANG_ENABLE_MODULES = YES;
				CLANG_ENABLE_OBJC_ARC = YES;
				CLANG_ENABLE_OBJC_WEAK = YES;
				CLANG_WARN_BLOCK_CAPTURE_AUTORELEASING = YES;
				CLANG_WARN_BOOL_CONVERSION = YES;
				CLANG_WARN_COMMA = YES;
				CLANG_WARN_CONSTANT_CONVERSION = YES;
				CLANG_WARN_DEPRECATED_OBJC_IMPLEMENTATIONS = YES;
				CLANG_WARN_DIRECT_OBJC_ISA_USAGE = YES_ERROR;
				CLANG_WARN_DOCUMENTATION_COMMENTS = YES;
				CLANG_WARN_EMPTY_BODY = YES;
				CLANG_WARN_ENUM_CONVERSION = YES;
				CLANG_WARN_INFINITE_RECURSION = YES;
				CLANG_WARN_INT_CONVERSION = YES;
				CLANG_WARN_NON_LITERAL_NULL_CONVERSION = YES;
				CLANG_WARN_OBJC_IMPLICIT_RETAIN_SELF = YES;
				CLANG_WARN_OBJC_LITERAL_CONVERSION = YES;
				CLANG_WARN_OBJC_ROOT_CLASS = YES_ERROR;
				CLANG_WARN_QUOTED_INCLUDE_IN_FRAMEWORK_HEADER = YES;
				CLANG_WARN_RANGE_LOOP_ANALYSIS = YES;
				CLANG_WARN_STRICT_PROTOTYPES = YES;
				CLANG_WARN_SUSPICIOUS_MOVE = YES;
				CLANG_WARN_UNGUARDED_AVAILABILITY = YES_AGGRESSIVE;
				CLANG_WARN_UNREACHABLE_CODE = YES;
				CLANG_WARN__DUPLICATE_METHOD_MATCH = YES;
				COPY_PHASE_STRIP = NO;
				DEBUG_INFORMATION_FORMAT = dwarf;
				ENABLE_STRICT_OBJC_MSGSEND = YES;
				ENABLE_TESTABILITY = YES;
				GCC_C_LANGUAGE_STANDARD = gnu11;
				GCC_DYNAMIC_NO_PIC = NO;
				GCC_NO_COMMON_BLOCKS = YES;
				GCC_OPTIMIZATION_LEVEL = 0;
				GCC_PREPROCESSOR_DEFINITIONS = (
					"DEBUG=1",
					"$(inherited)",
				);
				GCC_WARN_64_TO_32_BIT_CONVERSION = YES;
				GCC_WARN_ABOUT_RETURN_TYPE = YES_ERROR;
				GCC_WARN_UNDECLARED_SELECTOR = YES;
				GCC_WARN_UNINITIALIZED_AUTOS = YES_AGGRESSIVE;
				GCC_WARN_UNUSED_FUNCTION = YES;
				GCC_WARN_UNUSED_VARIABLE = YES;
				MTL_ENABLE_DEBUG_INFO = INCLUDE_SOURCE;
				MTL_FAST_MATH = YES;
				ONLY_ACTIVE_ARCH = YES;
				SWIFT_ACTIVE_COMPILATION_CONDITIONS = DEBUG;
				SWIFT_OPTIMIZATION_LEVEL = "-Onone";
			};
			name = Debug;
		};
		E1046A692A9DCAD40044A671 /* Release */ = {
			isa = XCBuildConfiguration;
			buildSettings = {
				ALWAYS_SEARCH_USER_PATHS = NO;
				CLANG_ANALYZER_NONNULL = YES;
				CLANG_ANALYZER_NUMBER_OBJECT_CONVERSION = YES_AGGRESSIVE;
				CLANG_CXX_LANGUAGE_STANDARD = "gnu++20";
				CLANG_ENABLE_MODULES = YES;
				CLANG_ENABLE_OBJC_ARC = YES;
				CLANG_ENABLE_OBJC_WEAK = YES;
				CLANG_WARN_BLOCK_CAPTURE_AUTORELEASING = YES;
				CLANG_WARN_BOOL_CONVERSION = YES;
				CLANG_WARN_COMMA = YES;
				CLANG_WARN_CONSTANT_CONVERSION = YES;
				CLANG_WARN_DEPRECATED_OBJC_IMPLEMENTATIONS = YES;
				CLANG_WARN_DIRECT_OBJC_ISA_USAGE = YES_ERROR;
				CLANG_WARN_DOCUMENTATION_COMMENTS = YES;
				CLANG_WARN_EMPTY_BODY = YES;
				CLANG_WARN_ENUM_CONVERSION = YES;
				CLANG_WARN_INFINITE_RECURSION = YES;
				CLANG_WARN_INT_CONVERSION = YES;
				CLANG_WARN_NON_LITERAL_NULL_CONVERSION = YES;
				CLANG_WARN_OBJC_IMPLICIT_RETAIN_SELF = YES;
				CLANG_WARN_OBJC_LITERAL_CONVERSION = YES;
				CLANG_WARN_OBJC_ROOT_CLASS = YES_ERROR;
				CLANG_WARN_QUOTED_INCLUDE_IN_FRAMEWORK_HEADER = YES;
				CLANG_WARN_RANGE_LOOP_ANALYSIS = YES;
				CLANG_WARN_STRICT_PROTOTYPES = YES;
				CLANG_WARN_SUSPICIOUS_MOVE = YES;
				CLANG_WARN_UNGUARDED_AVAILABILITY = YES_AGGRESSIVE;
				CLANG_WARN_UNREACHABLE_CODE = YES;
				CLANG_WARN__DUPLICATE_METHOD_MATCH = YES;
				COPY_PHASE_STRIP = NO;
				DEBUG_INFORMATION_FORMAT = "dwarf-with-dsym";
				ENABLE_NS_ASSERTIONS = NO;
				ENABLE_STRICT_OBJC_MSGSEND = YES;
				GCC_C_LANGUAGE_STANDARD = gnu11;
				GCC_NO_COMMON_BLOCKS = YES;
				GCC_WARN_64_TO_32_BIT_CONVERSION = YES;
				GCC_WARN_ABOUT_RETURN_TYPE = YES_ERROR;
				GCC_WARN_UNDECLARED_SELECTOR = YES;
				GCC_WARN_UNINITIALIZED_AUTOS = YES_AGGRESSIVE;
				GCC_WARN_UNUSED_FUNCTION = YES;
				GCC_WARN_UNUSED_VARIABLE = YES;
				MTL_ENABLE_DEBUG_INFO = NO;
				MTL_FAST_MATH = YES;
				SWIFT_COMPILATION_MODE = wholemodule;
				SWIFT_OPTIMIZATION_LEVEL = "-O";
			};
			name = Release;
		};
		E1046A6B2A9DCAD40044A671 /* Debug */ = {
			isa = XCBuildConfiguration;
			buildSettings = {
				ASSETCATALOG_COMPILER_APPICON_NAME = AppIcon;
				ASSETCATALOG_COMPILER_GLOBAL_ACCENT_COLOR_NAME = AccentColor;
				CODE_SIGN_ENTITLEMENTS = Memoir/Memoir.entitlements;
				CODE_SIGN_STYLE = Automatic;
				CURRENT_PROJECT_VERSION = 1;
				DEVELOPMENT_ASSET_PATHS = "\"Memoir/Preview Content\"";
				ENABLE_PREVIEWS = YES;
				GENERATE_INFOPLIST_FILE = YES;
				INFOPLIST_KEY_LSApplicationCategoryType = "public.app-category.productivity";
				INFOPLIST_KEY_NSLocationWhenInUseUsageDescription = "This app needs your location to determine the weather in your current city.";
				"INFOPLIST_KEY_UIApplicationSceneManifest_Generation[sdk=iphoneos*]" = YES;
				"INFOPLIST_KEY_UIApplicationSceneManifest_Generation[sdk=iphonesimulator*]" = YES;
				"INFOPLIST_KEY_UIApplicationSupportsIndirectInputEvents[sdk=iphoneos*]" = YES;
				"INFOPLIST_KEY_UIApplicationSupportsIndirectInputEvents[sdk=iphonesimulator*]" = YES;
				"INFOPLIST_KEY_UILaunchScreen_Generation[sdk=iphoneos*]" = YES;
				"INFOPLIST_KEY_UILaunchScreen_Generation[sdk=iphonesimulator*]" = YES;
				"INFOPLIST_KEY_UIStatusBarStyle[sdk=iphoneos*]" = UIStatusBarStyleDefault;
				"INFOPLIST_KEY_UIStatusBarStyle[sdk=iphonesimulator*]" = UIStatusBarStyleDefault;
				INFOPLIST_KEY_UISupportedInterfaceOrientations_iPad = "UIInterfaceOrientationPortrait UIInterfaceOrientationPortraitUpsideDown UIInterfaceOrientationLandscapeLeft UIInterfaceOrientationLandscapeRight";
				INFOPLIST_KEY_UISupportedInterfaceOrientations_iPhone = "UIInterfaceOrientationPortrait UIInterfaceOrientationLandscapeLeft UIInterfaceOrientationLandscapeRight";
				IPHONEOS_DEPLOYMENT_TARGET = 16.4;
				LD_RUNPATH_SEARCH_PATHS = "@executable_path/Frameworks";
				"LD_RUNPATH_SEARCH_PATHS[sdk=macosx*]" = "@executable_path/../Frameworks";
				MACOSX_DEPLOYMENT_TARGET = 13.3;
				MARKETING_VERSION = 1.0;
				PRODUCT_BUNDLE_IDENTIFIER = "Robert-Leonard-Bradl.Memoir";
				PRODUCT_NAME = "$(TARGET_NAME)";
				SDKROOT = auto;
				SUPPORTED_PLATFORMS = "iphoneos iphonesimulator macosx";
				SWIFT_EMIT_LOC_STRINGS = YES;
				SWIFT_VERSION = 5.0;
				TARGETED_DEVICE_FAMILY = "1,2";
			};
			name = Debug;
		};
		E1046A6C2A9DCAD40044A671 /* Release */ = {
			isa = XCBuildConfiguration;
			buildSettings = {
				ASSETCATALOG_COMPILER_APPICON_NAME = AppIcon;
				ASSETCATALOG_COMPILER_GLOBAL_ACCENT_COLOR_NAME = AccentColor;
				CODE_SIGN_ENTITLEMENTS = Memoir/Memoir.entitlements;
				CODE_SIGN_STYLE = Automatic;
				CURRENT_PROJECT_VERSION = 1;
				DEVELOPMENT_ASSET_PATHS = "\"Memoir/Preview Content\"";
				ENABLE_PREVIEWS = YES;
				GENERATE_INFOPLIST_FILE = YES;
				INFOPLIST_KEY_LSApplicationCategoryType = "public.app-category.productivity";
				INFOPLIST_KEY_NSLocationWhenInUseUsageDescription = "This app needs your location to determine the weather in your current city.";
				"INFOPLIST_KEY_UIApplicationSceneManifest_Generation[sdk=iphoneos*]" = YES;
				"INFOPLIST_KEY_UIApplicationSceneManifest_Generation[sdk=iphonesimulator*]" = YES;
				"INFOPLIST_KEY_UIApplicationSupportsIndirectInputEvents[sdk=iphoneos*]" = YES;
				"INFOPLIST_KEY_UIApplicationSupportsIndirectInputEvents[sdk=iphonesimulator*]" = YES;
				"INFOPLIST_KEY_UILaunchScreen_Generation[sdk=iphoneos*]" = YES;
				"INFOPLIST_KEY_UILaunchScreen_Generation[sdk=iphonesimulator*]" = YES;
				"INFOPLIST_KEY_UIStatusBarStyle[sdk=iphoneos*]" = UIStatusBarStyleDefault;
				"INFOPLIST_KEY_UIStatusBarStyle[sdk=iphonesimulator*]" = UIStatusBarStyleDefault;
				INFOPLIST_KEY_UISupportedInterfaceOrientations_iPad = "UIInterfaceOrientationPortrait UIInterfaceOrientationPortraitUpsideDown UIInterfaceOrientationLandscapeLeft UIInterfaceOrientationLandscapeRight";
				INFOPLIST_KEY_UISupportedInterfaceOrientations_iPhone = "UIInterfaceOrientationPortrait UIInterfaceOrientationLandscapeLeft UIInterfaceOrientationLandscapeRight";
				IPHONEOS_DEPLOYMENT_TARGET = 16.4;
				LD_RUNPATH_SEARCH_PATHS = "@executable_path/Frameworks";
				"LD_RUNPATH_SEARCH_PATHS[sdk=macosx*]" = "@executable_path/../Frameworks";
				MACOSX_DEPLOYMENT_TARGET = 13.3;
				MARKETING_VERSION = 1.0;
				PRODUCT_BUNDLE_IDENTIFIER = "Robert-Leonard-Bradl.Memoir";
				PRODUCT_NAME = "$(TARGET_NAME)";
				SDKROOT = auto;
				SUPPORTED_PLATFORMS = "iphoneos iphonesimulator macosx";
				SWIFT_EMIT_LOC_STRINGS = YES;
				SWIFT_VERSION = 5.0;
				TARGETED_DEVICE_FAMILY = "1,2";
			};
			name = Release;
		};
		E1046A6E2A9DCAD40044A671 /* Debug */ = {
			isa = XCBuildConfiguration;
			buildSettings = {
				ALWAYS_EMBED_SWIFT_STANDARD_LIBRARIES = YES;
				BUNDLE_LOADER = "$(TEST_HOST)";
				CODE_SIGN_STYLE = Automatic;
				CURRENT_PROJECT_VERSION = 1;
				GENERATE_INFOPLIST_FILE = YES;
				IPHONEOS_DEPLOYMENT_TARGET = 16.4;
				MACOSX_DEPLOYMENT_TARGET = 13.3;
				MARKETING_VERSION = 1.0;
				PRODUCT_BUNDLE_IDENTIFIER = "Robert-Leonard-Bradl.MemoirTests";
				PRODUCT_NAME = "$(TARGET_NAME)";
				SDKROOT = auto;
				SUPPORTED_PLATFORMS = "iphoneos iphonesimulator macosx";
				SWIFT_EMIT_LOC_STRINGS = NO;
				SWIFT_VERSION = 5.0;
				TARGETED_DEVICE_FAMILY = "1,2";
				TEST_HOST = "$(BUILT_PRODUCTS_DIR)/Memoire.app/$(BUNDLE_EXECUTABLE_FOLDER_PATH)/Memoire";
			};
			name = Debug;
		};
		E1046A6F2A9DCAD40044A671 /* Release */ = {
			isa = XCBuildConfiguration;
			buildSettings = {
				ALWAYS_EMBED_SWIFT_STANDARD_LIBRARIES = YES;
				BUNDLE_LOADER = "$(TEST_HOST)";
				CODE_SIGN_STYLE = Automatic;
				CURRENT_PROJECT_VERSION = 1;
				GENERATE_INFOPLIST_FILE = YES;
				IPHONEOS_DEPLOYMENT_TARGET = 16.4;
				MACOSX_DEPLOYMENT_TARGET = 13.3;
				MARKETING_VERSION = 1.0;
				PRODUCT_BUNDLE_IDENTIFIER = "Robert-Leonard-Bradl.MemoirTests";
				PRODUCT_NAME = "$(TARGET_NAME)";
				SDKROOT = auto;
				SUPPORTED_PLATFORMS = "iphoneos iphonesimulator macosx";
				SWIFT_EMIT_LOC_STRINGS = NO;
				SWIFT_VERSION = 5.0;
				TARGETED_DEVICE_FAMILY = "1,2";
				TEST_HOST = "$(BUILT_PRODUCTS_DIR)/Memoire.app/$(BUNDLE_EXECUTABLE_FOLDER_PATH)/Memoire";
			};
			name = Release;
		};
		E1046A712A9DCAD40044A671 /* Debug */ = {
			isa = XCBuildConfiguration;
			buildSettings = {
				ALWAYS_EMBED_SWIFT_STANDARD_LIBRARIES = YES;
				CODE_SIGN_STYLE = Automatic;
				CURRENT_PROJECT_VERSION = 1;
				GENERATE_INFOPLIST_FILE = YES;
				IPHONEOS_DEPLOYMENT_TARGET = 16.4;
				MACOSX_DEPLOYMENT_TARGET = 13.3;
				MARKETING_VERSION = 1.0;
				PRODUCT_BUNDLE_IDENTIFIER = "Robert-Leonard-Bradl.MemoirUITests";
				PRODUCT_NAME = "$(TARGET_NAME)";
				SDKROOT = auto;
				SUPPORTED_PLATFORMS = "iphoneos iphonesimulator macosx";
				SWIFT_EMIT_LOC_STRINGS = NO;
				SWIFT_VERSION = 5.0;
				TARGETED_DEVICE_FAMILY = "1,2";
				TEST_TARGET_NAME = Memoir;
			};
			name = Debug;
		};
		E1046A722A9DCAD40044A671 /* Release */ = {
			isa = XCBuildConfiguration;
			buildSettings = {
				ALWAYS_EMBED_SWIFT_STANDARD_LIBRARIES = YES;
				CODE_SIGN_STYLE = Automatic;
				CURRENT_PROJECT_VERSION = 1;
				GENERATE_INFOPLIST_FILE = YES;
				IPHONEOS_DEPLOYMENT_TARGET = 16.4;
				MACOSX_DEPLOYMENT_TARGET = 13.3;
				MARKETING_VERSION = 1.0;
				PRODUCT_BUNDLE_IDENTIFIER = "Robert-Leonard-Bradl.MemoirUITests";
				PRODUCT_NAME = "$(TARGET_NAME)";
				SDKROOT = auto;
				SUPPORTED_PLATFORMS = "iphoneos iphonesimulator macosx";
				SWIFT_EMIT_LOC_STRINGS = NO;
				SWIFT_VERSION = 5.0;
				TARGETED_DEVICE_FAMILY = "1,2";
				TEST_TARGET_NAME = Memoir;
			};
			name = Release;
		};
/* End XCBuildConfiguration section */

/* Begin XCConfigurationList section */
		E1046A402A9DCAD30044A671 /* Build configuration list for PBXProject "Memoire" */ = {
			isa = XCConfigurationList;
			buildConfigurations = (
				E1046A682A9DCAD40044A671 /* Debug */,
				E1046A692A9DCAD40044A671 /* Release */,
			);
			defaultConfigurationIsVisible = 0;
			defaultConfigurationName = Release;
		};
		E1046A6A2A9DCAD40044A671 /* Build configuration list for PBXNativeTarget "Memoire" */ = {
			isa = XCConfigurationList;
			buildConfigurations = (
				E1046A6B2A9DCAD40044A671 /* Debug */,
				E1046A6C2A9DCAD40044A671 /* Release */,
			);
			defaultConfigurationIsVisible = 0;
			defaultConfigurationName = Release;
		};
		E1046A6D2A9DCAD40044A671 /* Build configuration list for PBXNativeTarget "MemoireTests" */ = {
			isa = XCConfigurationList;
			buildConfigurations = (
				E1046A6E2A9DCAD40044A671 /* Debug */,
				E1046A6F2A9DCAD40044A671 /* Release */,
			);
			defaultConfigurationIsVisible = 0;
			defaultConfigurationName = Release;
		};
		E1046A702A9DCAD40044A671 /* Build configuration list for PBXNativeTarget "MemoireUITests" */ = {
			isa = XCConfigurationList;
			buildConfigurations = (
				E1046A712A9DCAD40044A671 /* Debug */,
				E1046A722A9DCAD40044A671 /* Release */,
			);
			defaultConfigurationIsVisible = 0;
			defaultConfigurationName = Release;
		};
/* End XCConfigurationList section */
	};
	rootObject = E1046A3D2A9DCAD30044A671 /* Project object */;
}
